{
  "nodes": {
    "caisson": {
      "locked": {
        "lastModified": 1788816542,
        "narHash": "sha256-qjLrz0NP0zCQZZxhUc1cva9AzO2wjRp/ZCgq+/5ipeE=",
        "owner": "nix-caisson",
        "repo": "caisson",
        "rev": "2cfeea6783d745622fff695510ec25302a5c2206",
        "type": "github"
      },
      "original": {
        "owner": "nix-caisson",
        "repo": "caisson",
        "type": "github"
      }
    },
    "edk2-platforms": {
      "flake": false,
      "locked": {
        "lastModified": 1788392891,
        "narHash": "sha256-/7YKRcuHUmdfGQkTShIN/U5fmQPgaLKDYtgK3CJr3yM=",
        "owner": "tianocore",
        "repo": "edk2-platforms",
        "rev": "061beb4c4bd259c073743f5ac01b5a1da4ce2010",
        "type": "github"
      },
      "original": {
        "owner": "tianocore",
        "repo": "edk2-platforms",
        "type": "github"
      }
    },
    "edk2-src": {
      "flake": false,
      "locked": {
        "lastModified": 1786522436,
        "narHash": "sha256-HSSw9b1vz5VLotq4hiTPt9+3XkLSisXRWSN/aknoQhQ=",
        "ref": "refs/tags/edk2-stable202608",
        "rev": "2970e5699ba6267f3384ffab20f96647578aebc8",
        "shallow": true,
        "type": "git",
        "url": "https://github.com/tianocore/edk2"
      },
      "original": {
        "ref": "refs/tags/edk2-stable202608",
        "shallow": true,
        "type": "git",
        "url": "https://github.com/tianocore/edk2"
      }
    },
    "edk2-unstable-src": {
      "flake": false,
      "locked": {
        "lastModified": 1788840318,
        "narHash": "sha256-Uvg2CIIUIaLUelfZWSSP1W1XvJIzZQqrGwSCdll0xdw=",
        "ref": "refs/heads/master",
        "rev": "a4610f9cfef179f2013156da9768039f52519f04",
        "shallow": true,
        "type": "git",
        "url": "https://github.com/tianocore/edk2"
      },
      "original": {
        "ref": "refs/heads/master",
        "shallow": true,
        "type": "git",
        "url": "https://github.com/tianocore/edk2"
      }
    },
    "nixpkgs": {
      "locked": {
        "lastModified": 1788690626,
        "narHash": "sha256-+v4I4LawmRD/mVxO7QIAerRrCkElp3YImzWkkUnvOTg=",
        "owner": "NixOS",
        "repo": "nixpkgs",
        "rev": "c25784012c9982bca5b3e0de87e90bbdac8927d3",
        "type": "github"
      },
      "original": {
        "owner": "NixOS",
        "ref": "nixos-26.05",
        "repo": "nixpkgs",
        "type": "github"
      }
    },
    "root": {
      "inputs": {
        "caisson": "caisson",
        "edk2-platforms": "edk2-platforms",
        "edk2-src": "edk2-src",
        "edk2-unstable-src": "edk2-unstable-src",
        "nixpkgs": "nixpkgs"
      }
    }
  },
  "root": "root",
  "version": 7
}
