{
  "nodes": {
    "caisson": {
      "inputs": {
        "caisson-core": "caisson-core",
        "flake-parts": "flake-parts",
        "nixpkgs-lib": "nixpkgs-lib"
      },
      "locked": {
        "lastModified": 1789974585,
        "narHash": "sha256-jP+9+72uJMxIn4cpBHvf3D2xtR4QxPd/aGma8jhkVhQ=",
        "owner": "nix-caisson",
        "repo": "caisson",
        "rev": "05b3549ba4ca2846ef6095e3080fde695cd2ed19",
        "type": "github"
      },
      "original": {
        "owner": "nix-caisson",
        "repo": "caisson",
        "type": "github"
      }
    },
    "caisson-core": {
      "locked": {
        "lastModified": 1789972561,
        "narHash": "sha256-IL8uY8ShiAPthlO9+CKNpbO1DO9DDaXyNXI5YjyoOkU=",
        "owner": "nix-caisson",
        "repo": "caisson-core",
        "rev": "c677e69f34a354c7617aaf315165afa3d8cdb137",
        "type": "github"
      },
      "original": {
        "owner": "nix-caisson",
        "repo": "caisson-core",
        "type": "github"
      }
    },
    "edk2-platforms": {
      "flake": false,
      "locked": {
        "lastModified": 1790057969,
        "narHash": "sha256-B9OF6suTjGUq5zgeNY38Zwimz/6Vk/Xo4Zg63gELKwk=",
        "owner": "tianocore",
        "repo": "edk2-platforms",
        "rev": "c98cdf8de9bd84a3267623e64f4388e21de69512",
        "type": "github"
      },
      "original": {
        "owner": "tianocore",
        "repo": "edk2-platforms",
        "type": "github"
      }
    },
    "edk2-src": {
      "flake": false,
      "locked": {
        "lastModified": 1786522436,
        "narHash": "sha256-HSSw9b1vz5VLotq4hiTPt9+3XkLSisXRWSN/aknoQhQ=",
        "ref": "refs/tags/edk2-stable202608",
        "rev": "2970e5699ba6267f3384ffab20f96647578aebc8",
        "shallow": true,
        "type": "git",
        "url": "https://github.com/tianocore/edk2"
      },
      "original": {
        "ref": "refs/tags/edk2-stable202608",
        "shallow": true,
        "type": "git",
        "url": "https://github.com/tianocore/edk2"
      }
    },
    "edk2-unstable-src": {
      "flake": false,
      "locked": {
        "lastModified": 1790043045,
        "narHash": "sha256-Z/VvbhIEZLXPtHM2jSKDg3FyGMqgUNrx2DgnCOGeIF0=",
        "ref": "refs/heads/master",
        "rev": "a01335df4158c8f9ba9c186e80cb1ed83d05ec3e",
        "shallow": true,
        "type": "git",
        "url": "https://github.com/tianocore/edk2"
      },
      "original": {
        "ref": "refs/heads/master",
        "shallow": true,
        "type": "git",
        "url": "https://github.com/tianocore/edk2"
      }
    },
    "flake-parts": {
      "inputs": {
        "nixpkgs-lib": [
          "caisson",
          "nixpkgs-lib"
        ]
      },
      "locked": {
        "lastModified": 1788450739,
        "narHash": "sha256-glZLQlzIn1fXH6PazR2iUmTo7kzzyYSshrWhLS9TqCU=",
        "owner": "hercules-ci",
        "repo": "flake-parts",
        "rev": "31729ca8cbdb4fa927b34e5f4353e6a83f39e993",
        "type": "github"
      },
      "original": {
        "owner": "hercules-ci",
        "repo": "flake-parts",
        "type": "github"
      }
    },
    "flake-parts_2": {
      "inputs": {
        "nixpkgs-lib": [
          "nixpkgs"
        ]
      },
      "locked": {
        "lastModified": 1788450739,
        "narHash": "sha256-glZLQlzIn1fXH6PazR2iUmTo7kzzyYSshrWhLS9TqCU=",
        "owner": "hercules-ci",
        "repo": "flake-parts",
        "rev": "31729ca8cbdb4fa927b34e5f4353e6a83f39e993",
        "type": "github"
      },
      "original": {
        "owner": "hercules-ci",
        "repo": "flake-parts",
        "type": "github"
      }
    },
    "nixpkgs": {
      "locked": {
        "lastModified": 1789885152,
        "narHash": "sha256-mDNo95riUw8k0MA2Btzj/OuiMcfLKofqIliLYsLbrSY=",
        "owner": "NixOS",
        "repo": "nixpkgs",
        "rev": "6d663c0533ff269008fb84e45930151e37c99db9",
        "type": "github"
      },
      "original": {
        "owner": "NixOS",
        "ref": "nixos-26.05",
        "repo": "nixpkgs",
        "type": "github"
      }
    },
    "nixpkgs-lib": {
      "locked": {
        "lastModified": 1789266065,
        "narHash": "sha256-XtTdVeJX6X/gU+vGIUEJHirotv/lYP5+Q9irMH6HWPY=",
        "owner": "nix-community",
        "repo": "nixpkgs.lib",
        "rev": "b91d4f1bc958e0bdfd6cb3db4a280486006f5002",
        "type": "github"
      },
      "original": {
        "owner": "nix-community",
        "repo": "nixpkgs.lib",
        "type": "github"
      }
    },
    "root": {
      "inputs": {
        "caisson": "caisson",
        "edk2-platforms": "edk2-platforms",
        "edk2-src": "edk2-src",
        "edk2-unstable-src": "edk2-unstable-src",
        "flake-parts": "flake-parts_2",
        "nixpkgs": "nixpkgs"
      }
    }
  },
  "root": "root",
  "version": 7
}
