{
  "nodes": {
    "caisson": {
      "locked": {
        "lastModified": 1788816542,
        "narHash": "sha256-qjLrz0NP0zCQZZxhUc1cva9AzO2wjRp/ZCgq+/5ipeE=",
        "owner": "nix-caisson",
        "repo": "caisson",
        "rev": "2cfeea6783d745622fff695510ec25302a5c2206",
        "type": "github"
      },
      "original": {
        "owner": "nix-caisson",
        "repo": "caisson",
        "type": "github"
      }
    },
    "edk2-platforms": {
      "flake": false,
      "locked": {
        "lastModified": 1788959860,
        "narHash": "sha256-StR4/CQAgnFSzG+dp1wKQtiPr/x0dP9ucIIFFnD1H/k=",
        "owner": "tianocore",
        "repo": "edk2-platforms",
        "rev": "2db572db2fead29fbb4b622b0ea954b2f2f93a62",
        "type": "github"
      },
      "original": {
        "owner": "tianocore",
        "repo": "edk2-platforms",
        "type": "github"
      }
    },
    "edk2-src": {
      "flake": false,
      "locked": {
        "lastModified": 1786522436,
        "narHash": "sha256-HSSw9b1vz5VLotq4hiTPt9+3XkLSisXRWSN/aknoQhQ=",
        "ref": "refs/tags/edk2-stable202608",
        "rev": "2970e5699ba6267f3384ffab20f96647578aebc8",
        "shallow": true,
        "type": "git",
        "url": "https://github.com/tianocore/edk2"
      },
      "original": {
        "ref": "refs/tags/edk2-stable202608",
        "shallow": true,
        "type": "git",
        "url": "https://github.com/tianocore/edk2"
      }
    },
    "edk2-unstable-src": {
      "flake": false,
      "locked": {
        "lastModified": 1789469389,
        "narHash": "sha256-axqsk6K0WqE5IjpG1xN+XWpq8aY5SoBeUzTe9WFnLCw=",
        "ref": "refs/heads/master",
        "rev": "81d3038813d32f94322226a21bf6f3d291a7d194",
        "shallow": true,
        "type": "git",
        "url": "https://github.com/tianocore/edk2"
      },
      "original": {
        "ref": "refs/heads/master",
        "shallow": true,
        "type": "git",
        "url": "https://github.com/tianocore/edk2"
      }
    },
    "nixpkgs": {
      "locked": {
        "lastModified": 1789344334,
        "narHash": "sha256-vdhpDJ3Lr24lkZ+fDCjmBRRtw9/vcSzkqGJOJyF5h2U=",
        "owner": "NixOS",
        "repo": "nixpkgs",
        "rev": "c3eea5b2156db11c7eeeada3dc737711255b253e",
        "type": "github"
      },
      "original": {
        "owner": "NixOS",
        "ref": "nixos-26.05",
        "repo": "nixpkgs",
        "type": "github"
      }
    },
    "root": {
      "inputs": {
        "caisson": "caisson",
        "edk2-platforms": "edk2-platforms",
        "edk2-src": "edk2-src",
        "edk2-unstable-src": "edk2-unstable-src",
        "nixpkgs": "nixpkgs"
      }
    }
  },
  "root": "root",
  "version": 7
}
